// !$*UTF8*$!
{
	archiveVersion = 1;
	classes = {
	};
	objectVersion = 56;
	objects = {

/* Begin PBXBuildFile section */
		7979FE152A01334A008DA64C /* DataSlider.swift in Sources */ = {isa = PBXBuildFile; fileRef = 7979FE142A01334A008DA64C /* DataSlider.swift */; };
		7979FE172A0133B4008DA64C /* Notification.swift in Sources */ = {isa = PBXBuildFile; fileRef = 7979FE162A0133B4008DA64C /* Notification.swift */; };
		7979FE192A013584008DA64C /* CityModel.swift in Sources */ = {isa = PBXBuildFile; fileRef = 7979FE182A013583008DA64C /* CityModel.swift */; };
		7979FE1B2A01412B008DA64C /* WeatherData.swift in Sources */ = {isa = PBXBuildFile; fileRef = 7979FE1A2A01412B008DA64C /* WeatherData.swift */; };
		7979FE1D2A01442A008DA64C /* getApiViewModel.swift in Sources */ = {isa = PBXBuildFile; fileRef = 7979FE1C2A01442A008DA64C /* getApiViewModel.swift */; };
		79CA2D3C2A0109B400BF1372 /* WeatherAppApp.swift in Sources */ = {isa = PBXBuildFile; fileRef = 79CA2D3B2A0109B400BF1372 /* WeatherAppApp.swift */; };
		79CA2D3E2A0109B400BF1372 /* ContentView.swift in Sources */ = {isa = PBXBuildFile; fileRef = 79CA2D3D2A0109B400BF1372 /* ContentView.swift */; };
		79CA2D402A0109B500BF1372 /* Assets.xcassets in Resources */ = {isa = PBXBuildFile; fileRef = 79CA2D3F2A0109B500BF1372 /* Assets.xcassets */; };
		79CA2D442A0109B500BF1372 /* Preview Assets.xcassets in Resources */ = {isa = PBXBuildFile; fileRef = 79CA2D432A0109B500BF1372 /* Preview Assets.xcassets */; };
		79CA2D4F2A010FB200BF1372 /* ButtonComponent.swift in Sources */ = {isa = PBXBuildFile; fileRef = 79CA2D4E2A010FB200BF1372 /* ButtonComponent.swift */; };
		79CA2D522A01178300BF1372 /* HomeView.swift in Sources */ = {isa = PBXBuildFile; fileRef = 79CA2D512A01178300BF1372 /* HomeView.swift */; };
		79CA2D542A011A3D00BF1372 /* InfoView.swift in Sources */ = {isa = PBXBuildFile; fileRef = 79CA2D532A011A3D00BF1372 /* InfoView.swift */; };
		79CA2D562A011A5300BF1372 /* ListView.swift in Sources */ = {isa = PBXBuildFile; fileRef = 79CA2D552A011A5300BF1372 /* ListView.swift */; };
		79CA2D582A011A6800BF1372 /* PersonalView.swift in Sources */ = {isa = PBXBuildFile; fileRef = 79CA2D572A011A6800BF1372 /* PersonalView.swift */; };
		79CA2D5A2A0129F100BF1372 /* NextDaysView.swift in Sources */ = {isa = PBXBuildFile; fileRef = 79CA2D592A0129F100BF1372 /* NextDaysView.swift */; };
		79CA2D5C2A012CC300BF1372 /* Card.swift in Sources */ = {isa = PBXBuildFile; fileRef = 79CA2D5B2A012CC300BF1372 /* Card.swift */; };
		79CA2D5E2A012CFA00BF1372 /* CardScroll.swift in Sources */ = {isa = PBXBuildFile; fileRef = 79CA2D5D2A012CFA00BF1372 /* CardScroll.swift */; };
/* End PBXBuildFile section */

/* Begin PBXFileReference section */
		7979FE142A01334A008DA64C /* DataSlider.swift */ = {isa = PBXFileReference; lastKnownFileType = sourcecode.swift; path = DataSlider.swift; sourceTree = "<group>"; };
		7979FE162A0133B4008DA64C /* Notification.swift */ = {isa = PBXFileReference; lastKnownFileType = sourcecode.swift; path = Notification.swift; sourceTree = "<group>"; };
		7979FE182A013583008DA64C /* CityModel.swift */ = {isa = PBXFileReference; lastKnownFileType = sourcecode.swift; path = CityModel.swift; sourceTree = "<group>"; };
		7979FE1A2A01412B008DA64C /* WeatherData.swift */ = {isa = PBXFileReference; lastKnownFileType = sourcecode.swift; path = WeatherData.swift; sourceTree = "<group>"; };
		7979FE1C2A01442A008DA64C /* getApiViewModel.swift */ = {isa = PBXFileReference; lastKnownFileType = sourcecode.swift; path = getApiViewModel.swift; sourceTree = "<group>"; };
		79CA2D382A0109B400BF1372 /* WeatherApp.app */ = {isa = PBXFileReference; explicitFileType = wrapper.application; includeInIndex = 0; path = WeatherApp.app; sourceTree = BUILT_PRODUCTS_DIR; };
		79CA2D3B2A0109B400BF1372 /* WeatherAppApp.swift */ = {isa = PBXFileReference; lastKnownFileType = sourcecode.swift; path = WeatherAppApp.swift; sourceTree = "<group>"; };
		79CA2D3D2A0109B400BF1372 /* ContentView.swift */ = {isa = PBXFileReference; lastKnownFileType = sourcecode.swift; path = ContentView.swift; sourceTree = "<group>"; };
		79CA2D3F2A0109B500BF1372 /* Assets.xcassets */ = {isa = PBXFileReference; lastKnownFileType = folder.assetcatalog; path = Assets.xcassets; sourceTree = "<group>"; };
		79CA2D412A0109B500BF1372 /* WeatherApp.entitlements */ = {isa = PBXFileReference; lastKnownFileType = text.plist.entitlements; path = WeatherApp.entitlements; sourceTree = "<group>"; };
		79CA2D432A0109B500BF1372 /* Preview Assets.xcassets */ = {isa = PBXFileReference; lastKnownFileType = folder.assetcatalog; path = "Preview Assets.xcassets"; sourceTree = "<group>"; };
		79CA2D4E2A010FB200BF1372 /* ButtonComponent.swift */ = {isa = PBXFileReference; lastKnownFileType = sourcecode.swift; path = ButtonComponent.swift; sourceTree = "<group>"; };
		79CA2D512A01178300BF1372 /* HomeView.swift */ = {isa = PBXFileReference; lastKnownFileType = sourcecode.swift; path = HomeView.swift; sourceTree = "<group>"; };
		79CA2D532A011A3D00BF1372 /* InfoView.swift */ = {isa = PBXFileReference; lastKnownFileType = sourcecode.swift; path = InfoView.swift; sourceTree = "<group>"; };
		79CA2D552A011A5300BF1372 /* ListView.swift */ = {isa = PBXFileReference; lastKnownFileType = sourcecode.swift; path = ListView.swift; sourceTree = "<group>"; };
		79CA2D572A011A6800BF1372 /* PersonalView.swift */ = {isa = PBXFileReference; lastKnownFileType = sourcecode.swift; path = PersonalView.swift; sourceTree = "<group>"; };
		79CA2D592A0129F100BF1372 /* NextDaysView.swift */ = {isa = PBXFileReference; lastKnownFileType = sourcecode.swift; path = NextDaysView.swift; sourceTree = "<group>"; };
		79CA2D5B2A012CC300BF1372 /* Card.swift */ = {isa = PBXFileReference; lastKnownFileType = sourcecode.swift; path = Card.swift; sourceTree = "<group>"; };
		79CA2D5D2A012CFA00BF1372 /* CardScroll.swift */ = {isa = PBXFileReference; lastKnownFileType = sourcecode.swift; path = CardScroll.swift; sourceTree = "<group>"; };
/* End PBXFileReference section */

/* Begin PBXFrameworksBuildPhase section */
		79CA2D352A0109B400BF1372 /* Frameworks */ = {
			isa = PBXFrameworksBuildPhase;
			buildActionMask = 2147483647;
			files = (
			);
			runOnlyForDeploymentPostprocessing = 0;
		};
/* End PBXFrameworksBuildPhase section */

/* Begin PBXGroup section */
		79CA2D2F2A0109B300BF1372 = {
			isa = PBXGroup;
			children = (
				79CA2D3A2A0109B400BF1372 /* WeatherApp */,
				79CA2D392A0109B400BF1372 /* Products */,
			);
			sourceTree = "<group>";
		};
		79CA2D392A0109B400BF1372 /* Products */ = {
			isa = PBXGroup;
			children = (
				79CA2D382A0109B400BF1372 /* WeatherApp.app */,
			);
			name = Products;
			sourceTree = "<group>";
		};
		79CA2D3A2A0109B400BF1372 /* WeatherApp */ = {
			isa = PBXGroup;
			children = (
				79CA2D502A01135700BF1372 /* components */,
				79CA2D4D2A010F9900BF1372 /* elements */,
				79CA2D4C2A010A7600BF1372 /* Model */,
				79CA2D4B2A010A6A00BF1372 /* ModelView */,
				79CA2D4A2A010A6000BF1372 /* View */,
				79CA2D3B2A0109B400BF1372 /* WeatherAppApp.swift */,
				79CA2D3F2A0109B500BF1372 /* Assets.xcassets */,
				79CA2D412A0109B500BF1372 /* WeatherApp.entitlements */,
				79CA2D422A0109B500BF1372 /* Preview Content */,
			);
			path = WeatherApp;
			sourceTree = "<group>";
		};
		79CA2D422A0109B500BF1372 /* Preview Content */ = {
			isa = PBXGroup;
			children = (
				79CA2D432A0109B500BF1372 /* Preview Assets.xcassets */,
			);
			path = "Preview Content";
			sourceTree = "<group>";
		};
		79CA2D4A2A010A6000BF1372 /* View */ = {
			isa = PBXGroup;
			children = (
				79CA2D3D2A0109B400BF1372 /* ContentView.swift */,
				79CA2D512A01178300BF1372 /* HomeView.swift */,
				79CA2D532A011A3D00BF1372 /* InfoView.swift */,
				79CA2D552A011A5300BF1372 /* ListView.swift */,
				79CA2D572A011A6800BF1372 /* PersonalView.swift */,
				79CA2D592A0129F100BF1372 /* NextDaysView.swift */,
				7979FE162A0133B4008DA64C /* Notification.swift */,
			);
			path = View;
			sourceTree = "<group>";
		};
		79CA2D4B2A010A6A00BF1372 /* ModelView */ = {
			isa = PBXGroup;
			children = (
				7979FE1C2A01442A008DA64C /* getApiViewModel.swift */,
			);
			path = ModelView;
			sourceTree = "<group>";
		};
		79CA2D4C2A010A7600BF1372 /* Model */ = {
			isa = PBXGroup;
			children = (
				7979FE142A01334A008DA64C /* DataSlider.swift */,
				7979FE182A013583008DA64C /* CityModel.swift */,
				7979FE1A2A01412B008DA64C /* WeatherData.swift */,
			);
			path = Model;
			sourceTree = "<group>";
		};
		79CA2D4D2A010F9900BF1372 /* elements */ = {
			isa = PBXGroup;
			children = (
				79CA2D4E2A010FB200BF1372 /* ButtonComponent.swift */,
			);
			path = elements;
			sourceTree = "<group>";
		};
		79CA2D502A01135700BF1372 /* components */ = {
			isa = PBXGroup;
			children = (
				79CA2D5B2A012CC300BF1372 /* Card.swift */,
				79CA2D5D2A012CFA00BF1372 /* CardScroll.swift */,
			);
			path = components;
			sourceTree = "<group>";
		};
/* End PBXGroup section */

/* Begin PBXNativeTarget section */
		79CA2D372A0109B400BF1372 /* WeatherApp */ = {
			isa = PBXNativeTarget;
			buildConfigurationList = 79CA2D472A0109B500BF1372 /* Build configuration list for PBXNativeTarget "WeatherApp" */;
			buildPhases = (
				79CA2D342A0109B400BF1372 /* Sources */,
				79CA2D352A0109B400BF1372 /* Frameworks */,
				79CA2D362A0109B400BF1372 /* Resources */,
			);
			buildRules = (
			);
			dependencies = (
			);
			name = WeatherApp;
			productName = WeatherApp;
			productReference = 79CA2D382A0109B400BF1372 /* WeatherApp.app */;
			productType = "com.apple.product-type.application";
		};
/* End PBXNativeTarget section */

/* Begin PBXProject section */
		79CA2D302A0109B300BF1372 /* Project object */ = {
			isa = PBXProject;
			attributes = {
				BuildIndependentTargetsInParallel = 1;
				LastSwiftUpdateCheck = 1430;
				LastUpgradeCheck = 1430;
				TargetAttributes = {
					79CA2D372A0109B400BF1372 = {
						CreatedOnToolsVersion = 14.3;
					};
				};
			};
			buildConfigurationList = 79CA2D332A0109B400BF1372 /* Build configuration list for PBXProject "WeatherApp" */;
			compatibilityVersion = "Xcode 14.0";
			developmentRegion = en;
			hasScannedForEncodings = 0;
			knownRegions = (
				en,
				Base,
			);
			mainGroup = 79CA2D2F2A0109B300BF1372;
			productRefGroup = 79CA2D392A0109B400BF1372 /* Products */;
			projectDirPath = "";
			projectRoot = "";
			targets = (
				79CA2D372A0109B400BF1372 /* WeatherApp */,
			);
		};
/* End PBXProject section */

/* Begin PBXResourcesBuildPhase section */
		79CA2D362A0109B400BF1372 /* Resources */ = {
			isa = PBXResourcesBuildPhase;
			buildActionMask = 2147483647;
			files = (
				79CA2D442A0109B500BF1372 /* Preview Assets.xcassets in Resources */,
				79CA2D402A0109B500BF1372 /* Assets.xcassets in Resources */,
			);
			runOnlyForDeploymentPostprocessing = 0;
		};
/* End PBXResourcesBuildPhase section */

/* Begin PBXSourcesBuildPhase section */
		79CA2D342A0109B400BF1372 /* Sources */ = {
			isa = PBXSourcesBuildPhase;
			buildActionMask = 2147483647;
			files = (
				79CA2D5A2A0129F100BF1372 /* NextDaysView.swift in Sources */,
				79CA2D5C2A012CC300BF1372 /* Card.swift in Sources */,
				7979FE1B2A01412B008DA64C /* WeatherData.swift in Sources */,
				7979FE1D2A01442A008DA64C /* getApiViewModel.swift in Sources */,
				79CA2D5E2A012CFA00BF1372 /* CardScroll.swift in Sources */,
				7979FE152A01334A008DA64C /* DataSlider.swift in Sources */,
				7979FE192A013584008DA64C /* CityModel.swift in Sources */,
				79CA2D3E2A0109B400BF1372 /* ContentView.swift in Sources */,
				79CA2D522A01178300BF1372 /* HomeView.swift in Sources */,
				79CA2D562A011A5300BF1372 /* ListView.swift in Sources */,
				79CA2D4F2A010FB200BF1372 /* ButtonComponent.swift in Sources */,
				7979FE172A0133B4008DA64C /* Notification.swift in Sources */,
				79CA2D542A011A3D00BF1372 /* InfoView.swift in Sources */,
				79CA2D582A011A6800BF1372 /* PersonalView.swift in Sources */,
				79CA2D3C2A0109B400BF1372 /* WeatherAppApp.swift in Sources */,
			);
			runOnlyForDeploymentPostprocessing = 0;
		};
/* End PBXSourcesBuildPhase section */

/* Begin XCBuildConfiguration section */
		79CA2D452A0109B500BF1372 /* Debug */ = {
			isa = XCBuildConfiguration;
			buildSettings = {
				ALWAYS_SEARCH_USER_PATHS = NO;
				CLANG_ANALYZER_NONNULL = YES;
				CLANG_ANALYZER_NUMBER_OBJECT_CONVERSION = YES_AGGRESSIVE;
				CLANG_CXX_LANGUAGE_STANDARD = "gnu++20";
				CLANG_ENABLE_MODULES = YES;
				CLANG_ENABLE_OBJC_ARC = YES;
				CLANG_ENABLE_OBJC_WEAK = YES;
				CLANG_WARN_BLOCK_CAPTURE_AUTORELEASING = YES;
				CLANG_WARN_BOOL_CONVERSION = YES;
				CLANG_WARN_COMMA = YES;
				CLANG_WARN_CONSTANT_CONVERSION = YES;
				CLANG_WARN_DEPRECATED_OBJC_IMPLEMENTATIONS = YES;
				CLANG_WARN_DIRECT_OBJC_ISA_USAGE = YES_ERROR;
				CLANG_WARN_DOCUMENTATION_COMMENTS = YES;
				CLANG_WARN_EMPTY_BODY = YES;
				CLANG_WARN_ENUM_CONVERSION = YES;
				CLANG_WARN_INFINITE_RECURSION = YES;
				CLANG_WARN_INT_CONVERSION = YES;
				CLANG_WARN_NON_LITERAL_NULL_CONVERSION = YES;
				CLANG_WARN_OBJC_IMPLICIT_RETAIN_SELF = YES;
				CLANG_WARN_OBJC_LITERAL_CONVERSION = YES;
				CLANG_WARN_OBJC_ROOT_CLASS = YES_ERROR;
				CLANG_WARN_QUOTED_INCLUDE_IN_FRAMEWORK_HEADER = YES;
				CLANG_WARN_RANGE_LOOP_ANALYSIS = YES;
				CLANG_WARN_STRICT_PROTOTYPES = YES;
				CLANG_WARN_SUSPICIOUS_MOVE = YES;
				CLANG_WARN_UNGUARDED_AVAILABILITY = YES_AGGRESSIVE;
				CLANG_WARN_UNREACHABLE_CODE = YES;
				CLANG_WARN__DUPLICATE_METHOD_MATCH = YES;
				COPY_PHASE_STRIP = NO;
				DEBUG_INFORMATION_FORMAT = dwarf;
				ENABLE_STRICT_OBJC_MSGSEND = YES;
				ENABLE_TESTABILITY = YES;
				GCC_C_LANGUAGE_STANDARD = gnu11;
				GCC_DYNAMIC_NO_PIC = NO;
				GCC_NO_COMMON_BLOCKS = YES;
				GCC_OPTIMIZATION_LEVEL = 0;
				GCC_PREPROCESSOR_DEFINITIONS = (
					"DEBUG=1",
					"$(inherited)",
				);
				GCC_WARN_64_TO_32_BIT_CONVERSION = YES;
				GCC_WARN_ABOUT_RETURN_TYPE = YES_ERROR;
				GCC_WARN_UNDECLARED_SELECTOR = YES;
				GCC_WARN_UNINITIALIZED_AUTOS = YES_AGGRESSIVE;
				GCC_WARN_UNUSED_FUNCTION = YES;
				GCC_WARN_UNUSED_VARIABLE = YES;
				MTL_ENABLE_DEBUG_INFO = INCLUDE_SOURCE;
				MTL_FAST_MATH = YES;
				ONLY_ACTIVE_ARCH = YES;
				SWIFT_ACTIVE_COMPILATION_CONDITIONS = DEBUG;
				SWIFT_OPTIMIZATION_LEVEL = "-Onone";
			};
			name = Debug;
		};
		79CA2D462A0109B500BF1372 /* Release */ = {
			isa = XCBuildConfiguration;
			buildSettings = {
				ALWAYS_SEARCH_USER_PATHS = NO;
				CLANG_ANALYZER_NONNULL = YES;
				CLANG_ANALYZER_NUMBER_OBJECT_CONVERSION = YES_AGGRESSIVE;
				CLANG_CXX_LANGUAGE_STANDARD = "gnu++20";
				CLANG_ENABLE_MODULES = YES;
				CLANG_ENABLE_OBJC_ARC = YES;
				CLANG_ENABLE_OBJC_WEAK = YES;
				CLANG_WARN_BLOCK_CAPTURE_AUTORELEASING = YES;
				CLANG_WARN_BOOL_CONVERSION = YES;
				CLANG_WARN_COMMA = YES;
				CLANG_WARN_CONSTANT_CONVERSION = YES;
				CLANG_WARN_DEPRECATED_OBJC_IMPLEMENTATIONS = YES;
				CLANG_WARN_DIRECT_OBJC_ISA_USAGE = YES_ERROR;
				CLANG_WARN_DOCUMENTATION_COMMENTS = YES;
				CLANG_WARN_EMPTY_BODY = YES;
				CLANG_WARN_ENUM_CONVERSION = YES;
				CLANG_WARN_INFINITE_RECURSION = YES;
				CLANG_WARN_INT_CONVERSION = YES;
				CLANG_WARN_NON_LITERAL_NULL_CONVERSION = YES;
				CLANG_WARN_OBJC_IMPLICIT_RETAIN_SELF = YES;
				CLANG_WARN_OBJC_LITERAL_CONVERSION = YES;
				CLANG_WARN_OBJC_ROOT_CLASS = YES_ERROR;
				CLANG_WARN_QUOTED_INCLUDE_IN_FRAMEWORK_HEADER = YES;
				CLANG_WARN_RANGE_LOOP_ANALYSIS = YES;
				CLANG_WARN_STRICT_PROTOTYPES = YES;
				CLANG_WARN_SUSPICIOUS_MOVE = YES;
				CLANG_WARN_UNGUARDED_AVAILABILITY = YES_AGGRESSIVE;
				CLANG_WARN_UNREACHABLE_CODE = YES;
				CLANG_WARN__DUPLICATE_METHOD_MATCH = YES;
				COPY_PHASE_STRIP = NO;
				DEBUG_INFORMATION_FORMAT = "dwarf-with-dsym";
				ENABLE_NS_ASSERTIONS = NO;
				ENABLE_STRICT_OBJC_MSGSEND = YES;
				GCC_C_LANGUAGE_STANDARD = gnu11;
				GCC_NO_COMMON_BLOCKS = YES;
				GCC_WARN_64_TO_32_BIT_CONVERSION = YES;
				GCC_WARN_ABOUT_RETURN_TYPE = YES_ERROR;
				GCC_WARN_UNDECLARED_SELECTOR = YES;
				GCC_WARN_UNINITIALIZED_AUTOS = YES_AGGRESSIVE;
				GCC_WARN_UNUSED_FUNCTION = YES;
				GCC_WARN_UNUSED_VARIABLE = YES;
				MTL_ENABLE_DEBUG_INFO = NO;
				MTL_FAST_MATH = YES;
				SWIFT_COMPILATION_MODE = wholemodule;
				SWIFT_OPTIMIZATION_LEVEL = "-O";
			};
			name = Release;
		};
		79CA2D482A0109B500BF1372 /* Debug */ = {
			isa = XCBuildConfiguration;
			buildSettings = {
				ASSETCATALOG_COMPILER_APPICON_NAME = AppIcon;
				ASSETCATALOG_COMPILER_GLOBAL_ACCENT_COLOR_NAME = AccentColor;
				CODE_SIGN_ENTITLEMENTS = WeatherApp/WeatherApp.entitlements;
				CODE_SIGN_STYLE = Automatic;
				CURRENT_PROJECT_VERSION = 1;
				DEVELOPMENT_ASSET_PATHS = "\"WeatherApp/Preview Content\"";
				ENABLE_PREVIEWS = YES;
				GENERATE_INFOPLIST_FILE = YES;
				"INFOPLIST_KEY_UIApplicationSceneManifest_Generation[sdk=iphoneos*]" = YES;
				"INFOPLIST_KEY_UIApplicationSceneManifest_Generation[sdk=iphonesimulator*]" = YES;
				"INFOPLIST_KEY_UIApplicationSupportsIndirectInputEvents[sdk=iphoneos*]" = YES;
				"INFOPLIST_KEY_UIApplicationSupportsIndirectInputEvents[sdk=iphonesimulator*]" = YES;
				"INFOPLIST_KEY_UILaunchScreen_Generation[sdk=iphoneos*]" = YES;
				"INFOPLIST_KEY_UILaunchScreen_Generation[sdk=iphonesimulator*]" = YES;
				"INFOPLIST_KEY_UIStatusBarStyle[sdk=iphoneos*]" = UIStatusBarStyleDefault;
				"INFOPLIST_KEY_UIStatusBarStyle[sdk=iphonesimulator*]" = UIStatusBarStyleDefault;
				INFOPLIST_KEY_UISupportedInterfaceOrientations_iPad = "UIInterfaceOrientationPortrait UIInterfaceOrientationPortraitUpsideDown UIInterfaceOrientationLandscapeLeft UIInterfaceOrientationLandscapeRight";
				INFOPLIST_KEY_UISupportedInterfaceOrientations_iPhone = "UIInterfaceOrientationPortrait UIInterfaceOrientationLandscapeLeft UIInterfaceOrientationLandscapeRight";
				IPHONEOS_DEPLOYMENT_TARGET = 16.4;
				LD_RUNPATH_SEARCH_PATHS = "@executable_path/Frameworks";
				"LD_RUNPATH_SEARCH_PATHS[sdk=macosx*]" = "@executable_path/../Frameworks";
				MACOSX_DEPLOYMENT_TARGET = 13.3;
				MARKETING_VERSION = 1.0;
				PRODUCT_BUNDLE_IDENTIFIER = kotsevasker.WeatherApp;
				PRODUCT_NAME = "$(TARGET_NAME)";
				SDKROOT = auto;
				SUPPORTED_PLATFORMS = "iphoneos iphonesimulator macosx";
				SWIFT_EMIT_LOC_STRINGS = YES;
				SWIFT_VERSION = 5.0;
				TARGETED_DEVICE_FAMILY = "1,2";
			};
			name = Debug;
		};
		79CA2D492A0109B500BF1372 /* Release */ = {
			isa = XCBuildConfiguration;
			buildSettings = {
				ASSETCATALOG_COMPILER_APPICON_NAME = AppIcon;
				ASSETCATALOG_COMPILER_GLOBAL_ACCENT_COLOR_NAME = AccentColor;
				CODE_SIGN_ENTITLEMENTS = WeatherApp/WeatherApp.entitlements;
				CODE_SIGN_STYLE = Automatic;
				CURRENT_PROJECT_VERSION = 1;
				DEVELOPMENT_ASSET_PATHS = "\"WeatherApp/Preview Content\"";
				ENABLE_PREVIEWS = YES;
				GENERATE_INFOPLIST_FILE = YES;
				"INFOPLIST_KEY_UIApplicationSceneManifest_Generation[sdk=iphoneos*]" = YES;
				"INFOPLIST_KEY_UIApplicationSceneManifest_Generation[sdk=iphonesimulator*]" = YES;
				"INFOPLIST_KEY_UIApplicationSupportsIndirectInputEvents[sdk=iphoneos*]" = YES;
				"INFOPLIST_KEY_UIApplicationSupportsIndirectInputEvents[sdk=iphonesimulator*]" = YES;
				"INFOPLIST_KEY_UILaunchScreen_Generation[sdk=iphoneos*]" = YES;
				"INFOPLIST_KEY_UILaunchScreen_Generation[sdk=iphonesimulator*]" = YES;
				"INFOPLIST_KEY_UIStatusBarStyle[sdk=iphoneos*]" = UIStatusBarStyleDefault;
				"INFOPLIST_KEY_UIStatusBarStyle[sdk=iphonesimulator*]" = UIStatusBarStyleDefault;
				INFOPLIST_KEY_UISupportedInterfaceOrientations_iPad = "UIInterfaceOrientationPortrait UIInterfaceOrientationPortraitUpsideDown UIInterfaceOrientationLandscapeLeft UIInterfaceOrientationLandscapeRight";
				INFOPLIST_KEY_UISupportedInterfaceOrientations_iPhone = "UIInterfaceOrientationPortrait UIInterfaceOrientationLandscapeLeft UIInterfaceOrientationLandscapeRight";
				IPHONEOS_DEPLOYMENT_TARGET = 16.4;
				LD_RUNPATH_SEARCH_PATHS = "@executable_path/Frameworks";
				"LD_RUNPATH_SEARCH_PATHS[sdk=macosx*]" = "@executable_path/../Frameworks";
				MACOSX_DEPLOYMENT_TARGET = 13.3;
				MARKETING_VERSION = 1.0;
				PRODUCT_BUNDLE_IDENTIFIER = kotsevasker.WeatherApp;
				PRODUCT_NAME = "$(TARGET_NAME)";
				SDKROOT = auto;
				SUPPORTED_PLATFORMS = "iphoneos iphonesimulator macosx";
				SWIFT_EMIT_LOC_STRINGS = YES;
				SWIFT_VERSION = 5.0;
				TARGETED_DEVICE_FAMILY = "1,2";
			};
			name = Release;
		};
/* End XCBuildConfiguration section */

/* Begin XCConfigurationList section */
		79CA2D332A0109B400BF1372 /* Build configuration list for PBXProject "WeatherApp" */ = {
			isa = XCConfigurationList;
			buildConfigurations = (
				79CA2D452A0109B500BF1372 /* Debug */,
				79CA2D462A0109B500BF1372 /* Release */,
			);
			defaultConfigurationIsVisible = 0;
			defaultConfigurationName = Release;
		};
		79CA2D472A0109B500BF1372 /* Build configuration list for PBXNativeTarget "WeatherApp" */ = {
			isa = XCConfigurationList;
			buildConfigurations = (
				79CA2D482A0109B500BF1372 /* Debug */,
				79CA2D492A0109B500BF1372 /* Release */,
			);
			defaultConfigurationIsVisible = 0;
			defaultConfigurationName = Release;
		};
/* End XCConfigurationList section */
	};
	rootObject = 79CA2D302A0109B300BF1372 /* Project object */;
}
